// !$*UTF8*$!
{
	archiveVersion = 1;
	classes = {
	};
	objectVersion = 46;
	objects = {

/* Begin PBXBuildFile section */
		F103B9751C12E6F300D2B842 /* TableViewController.swift in Sources */ = {isa = PBXBuildFile; fileRef = F103B9741C12E6F300D2B842 /* TableViewController.swift */; };
		F103B9771C12F0FF00D2B842 /* MapViewController.swift in Sources */ = {isa = PBXBuildFile; fileRef = F103B9761C12F0FF00D2B842 /* MapViewController.swift */; };
		F103B97D1C13513100D2B842 /* CustomViewController.swift in Sources */ = {isa = PBXBuildFile; fileRef = F103B97C1C13513100D2B842 /* CustomViewController.swift */; };
		F10540C41C12CCA600F842F3 /* LoginViewExtension.swift in Sources */ = {isa = PBXBuildFile; fileRef = F10540C31C12CCA600F842F3 /* LoginViewExtension.swift */; };
		F10540C61C12D33700F842F3 /* ParceClient.swift in Sources */ = {isa = PBXBuildFile; fileRef = F10540C51C12D33700F842F3 /* ParceClient.swift */; };
		F10540C81C12D35600F842F3 /* ParseConstantsExtension.swift in Sources */ = {isa = PBXBuildFile; fileRef = F10540C71C12D35600F842F3 /* ParseConstantsExtension.swift */; };
		F10540CA1C12DB4C00F842F3 /* ParseConvenienceExtension.swift in Sources */ = {isa = PBXBuildFile; fileRef = F10540C91C12DB4C00F842F3 /* ParseConvenienceExtension.swift */; };
		F10540CC1C12DC0500F842F3 /* StudentInformation.swift in Sources */ = {isa = PBXBuildFile; fileRef = F10540CB1C12DC0500F842F3 /* StudentInformation.swift */; };
		F123804C1C2292E900CF9D63 /* FBSDKCoreKit.framework in Frameworks */ = {isa = PBXBuildFile; fileRef = F123804A1C2292E900CF9D63 /* FBSDKCoreKit.framework */; };
		F123804E1C2292E900CF9D63 /* FBSDKLoginKit.framework in Frameworks */ = {isa = PBXBuildFile; fileRef = F123804B1C2292E900CF9D63 /* FBSDKLoginKit.framework */; };
		F12380511C23016F00CF9D63 /* AppData.swift in Sources */ = {isa = PBXBuildFile; fileRef = F12380501C23016F00CF9D63 /* AppData.swift */; };
		F19C0C301C19A7D8001B79AA /* Roboto-Medium.ttf in Resources */ = {isa = PBXBuildFile; fileRef = F1F634C31C0F0CD100A7E67C /* Roboto-Medium.ttf */; };
		F19C0C311C19A7D8001B79AA /* Roboto-Regular.ttf in Resources */ = {isa = PBXBuildFile; fileRef = F1F634C41C0F0CD200A7E67C /* Roboto-Regular.ttf */; };
		F19C0C321C19A7D8001B79AA /* Roboto-Thin.ttf in Resources */ = {isa = PBXBuildFile; fileRef = F1F634C51C0F0CD200A7E67C /* Roboto-Thin.ttf */; };
		F1A6F6801C13E2E6005D7DD7 /* FacebookHelper.swift in Sources */ = {isa = PBXBuildFile; fileRef = F1A6F67F1C13E2E6005D7DD7 /* FacebookHelper.swift */; };
		F1A6F6821C15822B005D7DD7 /* CheckInViewController.swift in Sources */ = {isa = PBXBuildFile; fileRef = F1A6F6811C15822B005D7DD7 /* CheckInViewController.swift */; };
		F1BBE6481C1C0B9100AF8C85 /* InformationPostingButton.swift in Sources */ = {isa = PBXBuildFile; fileRef = F1BBE6471C1C0B9100AF8C85 /* InformationPostingButton.swift */; };
		F1BBE64A1C1C144500AF8C85 /* InformationPostingStage.swift in Sources */ = {isa = PBXBuildFile; fileRef = F1BBE6491C1C144500AF8C85 /* InformationPostingStage.swift */; };
		F1BBE64C1C1C16AD00AF8C85 /* InformationPostingTextField.swift in Sources */ = {isa = PBXBuildFile; fileRef = F1BBE64B1C1C16AD00AF8C85 /* InformationPostingTextField.swift */; };
		F1F634961C0F019D00A7E67C /* AppDelegate.swift in Sources */ = {isa = PBXBuildFile; fileRef = F1F634951C0F019D00A7E67C /* AppDelegate.swift */; };
		F1F634981C0F019D00A7E67C /* LoginViewController.swift in Sources */ = {isa = PBXBuildFile; fileRef = F1F634971C0F019D00A7E67C /* LoginViewController.swift */; };
		F1F6349B1C0F019D00A7E67C /* Main.storyboard in Resources */ = {isa = PBXBuildFile; fileRef = F1F634991C0F019D00A7E67C /* Main.storyboard */; };
		F1F6349D1C0F019D00A7E67C /* Assets.xcassets in Resources */ = {isa = PBXBuildFile; fileRef = F1F6349C1C0F019D00A7E67C /* Assets.xcassets */; };
		F1F634A01C0F019D00A7E67C /* LaunchScreen.storyboard in Resources */ = {isa = PBXBuildFile; fileRef = F1F6349E1C0F019D00A7E67C /* LaunchScreen.storyboard */; };
		F1F634AB1C0F019D00A7E67C /* On_The_MapTests.swift in Sources */ = {isa = PBXBuildFile; fileRef = F1F634AA1C0F019D00A7E67C /* On_The_MapTests.swift */; };
		F1F634B61C0F019D00A7E67C /* On_The_MapUITests.swift in Sources */ = {isa = PBXBuildFile; fileRef = F1F634B51C0F019D00A7E67C /* On_The_MapUITests.swift */; };
		F1F634DE1C11788400A7E67C /* UdacityClient.swift in Sources */ = {isa = PBXBuildFile; fileRef = F1F634DD1C11788400A7E67C /* UdacityClient.swift */; };
		F1F634E01C1179DC00A7E67C /* UdacityConstantsExtension.swift in Sources */ = {isa = PBXBuildFile; fileRef = F1F634DF1C1179DC00A7E67C /* UdacityConstantsExtension.swift */; };
		F1F634E21C11894900A7E67C /* GenericClient.swift in Sources */ = {isa = PBXBuildFile; fileRef = F1F634E11C11894900A7E67C /* GenericClient.swift */; };
		F1F634E41C118C0C00A7E67C /* UdacityConvenienceExtension.swift in Sources */ = {isa = PBXBuildFile; fileRef = F1F634E31C118C0C00A7E67C /* UdacityConvenienceExtension.swift */; };
		F1F634E71C11A5D300A7E67C /* LoginTextField.swift in Sources */ = {isa = PBXBuildFile; fileRef = F1F634E61C11A5D300A7E67C /* LoginTextField.swift */; };
/* End PBXBuildFile section */

/* Begin PBXContainerItemProxy section */
		F1F634A71C0F019D00A7E67C /* PBXContainerItemProxy */ = {
			isa = PBXContainerItemProxy;
			containerPortal = F1F6348A1C0F019D00A7E67C /* Project object */;
			proxyType = 1;
			remoteGlobalIDString = F1F634911C0F019D00A7E67C;
			remoteInfo = "On The Map";
		};
		F1F634B21C0F019D00A7E67C /* PBXContainerItemProxy */ = {
			isa = PBXContainerItemProxy;
			containerPortal = F1F6348A1C0F019D00A7E67C /* Project object */;
			proxyType = 1;
			remoteGlobalIDString = F1F634911C0F019D00A7E67C;
			remoteInfo = "On The Map";
		};
/* End PBXContainerItemProxy section */

/* Begin PBXFileReference section */
		F103B9741C12E6F300D2B842 /* TableViewController.swift */ = {isa = PBXFileReference; fileEncoding = 4; lastKnownFileType = sourcecode.swift; path = TableViewController.swift; sourceTree = "<group>"; };
		F103B9761C12F0FF00D2B842 /* MapViewController.swift */ = {isa = PBXFileReference; fileEncoding = 4; lastKnownFileType = sourcecode.swift; path = MapViewController.swift; sourceTree = "<group>"; };
		F103B97C1C13513100D2B842 /* CustomViewController.swift */ = {isa = PBXFileReference; fileEncoding = 4; lastKnownFileType = sourcecode.swift; path = CustomViewController.swift; sourceTree = "<group>"; };
		F10540C31C12CCA600F842F3 /* LoginViewExtension.swift */ = {isa = PBXFileReference; fileEncoding = 4; lastKnownFileType = sourcecode.swift; path = LoginViewExtension.swift; sourceTree = "<group>"; };
		F10540C51C12D33700F842F3 /* ParceClient.swift */ = {isa = PBXFileReference; fileEncoding = 4; lastKnownFileType = sourcecode.swift; path = ParceClient.swift; sourceTree = "<group>"; };
		F10540C71C12D35600F842F3 /* ParseConstantsExtension.swift */ = {isa = PBXFileReference; fileEncoding = 4; lastKnownFileType = sourcecode.swift; path = ParseConstantsExtension.swift; sourceTree = "<group>"; };
		F10540C91C12DB4C00F842F3 /* ParseConvenienceExtension.swift */ = {isa = PBXFileReference; fileEncoding = 4; lastKnownFileType = sourcecode.swift; path = ParseConvenienceExtension.swift; sourceTree = "<group>"; };
		F10540CB1C12DC0500F842F3 /* StudentInformation.swift */ = {isa = PBXFileReference; fileEncoding = 4; lastKnownFileType = sourcecode.swift; path = StudentInformation.swift; sourceTree = "<group>"; };
		F12380481C2292C300CF9D63 /* On The MapTests.xctest */ = {isa = PBXFileReference; explicitFileType = wrapper.cfbundle; includeInIndex = 0; name = "On The MapTests.xctest"; path = "/Users/alexandregonzalo/Dropbox/Udacity/On The Map/build/Debug-iphoneos/On The MapTests.xctest"; sourceTree = "<absolute>"; };
		F12380491C2292C300CF9D63 /* On The MapUITests.xctest */ = {isa = PBXFileReference; explicitFileType = wrapper.cfbundle; includeInIndex = 0; name = "On The MapUITests.xctest"; path = "/Users/alexandregonzalo/Dropbox/Udacity/On The Map/build/Debug-iphoneos/On The MapUITests.xctest"; sourceTree = "<absolute>"; };
		F123804A1C2292E900CF9D63 /* FBSDKCoreKit.framework */ = {isa = PBXFileReference; lastKnownFileType = wrapper.framework; name = FBSDKCoreKit.framework; path = FacebookSDK/FBSDKCoreKit.framework; sourceTree = SOURCE_ROOT; };
		F123804B1C2292E900CF9D63 /* FBSDKLoginKit.framework */ = {isa = PBXFileReference; lastKnownFileType = wrapper.framework; name = FBSDKLoginKit.framework; path = FacebookSDK/FBSDKLoginKit.framework; sourceTree = SOURCE_ROOT; };
		F123804D1C2292E900CF9D63 /* On The Map.app */ = {isa = PBXFileReference; explicitFileType = wrapper.application; includeInIndex = 0; path = "On The Map.app"; sourceTree = BUILT_PRODUCTS_DIR; };
		F123804F1C2293C000CF9D63 /* Bridging-Header.h */ = {isa = PBXFileReference; fileEncoding = 4; lastKnownFileType = sourcecode.c.h; path = "Bridging-Header.h"; sourceTree = "<group>"; };
		F12380501C23016F00CF9D63 /* AppData.swift */ = {isa = PBXFileReference; fileEncoding = 4; lastKnownFileType = sourcecode.swift; path = AppData.swift; sourceTree = "<group>"; };
		F1A6F67F1C13E2E6005D7DD7 /* FacebookHelper.swift */ = {isa = PBXFileReference; fileEncoding = 4; lastKnownFileType = sourcecode.swift; path = FacebookHelper.swift; sourceTree = "<group>"; };
		F1A6F6811C15822B005D7DD7 /* CheckInViewController.swift */ = {isa = PBXFileReference; fileEncoding = 4; lastKnownFileType = sourcecode.swift; path = CheckInViewController.swift; sourceTree = "<group>"; };
		F1BBE6471C1C0B9100AF8C85 /* InformationPostingButton.swift */ = {isa = PBXFileReference; fileEncoding = 4; lastKnownFileType = sourcecode.swift; path = InformationPostingButton.swift; sourceTree = "<group>"; };
		F1BBE6491C1C144500AF8C85 /* InformationPostingStage.swift */ = {isa = PBXFileReference; fileEncoding = 4; lastKnownFileType = sourcecode.swift; path = InformationPostingStage.swift; sourceTree = "<group>"; };
		F1BBE64B1C1C16AD00AF8C85 /* InformationPostingTextField.swift */ = {isa = PBXFileReference; fileEncoding = 4; lastKnownFileType = sourcecode.swift; path = InformationPostingTextField.swift; sourceTree = "<group>"; };
		F1F634951C0F019D00A7E67C /* AppDelegate.swift */ = {isa = PBXFileReference; lastKnownFileType = sourcecode.swift; path = AppDelegate.swift; sourceTree = "<group>"; };
		F1F634971C0F019D00A7E67C /* LoginViewController.swift */ = {isa = PBXFileReference; lastKnownFileType = sourcecode.swift; path = LoginViewController.swift; sourceTree = "<group>"; };
		F1F6349A1C0F019D00A7E67C /* Base */ = {isa = PBXFileReference; lastKnownFileType = file.storyboard; name = Base; path = Base.lproj/Main.storyboard; sourceTree = "<group>"; };
		F1F6349C1C0F019D00A7E67C /* Assets.xcassets */ = {isa = PBXFileReference; lastKnownFileType = folder.assetcatalog; path = Assets.xcassets; sourceTree = "<group>"; };
		F1F6349F1C0F019D00A7E67C /* Base */ = {isa = PBXFileReference; lastKnownFileType = file.storyboard; name = Base; path = Base.lproj/LaunchScreen.storyboard; sourceTree = "<group>"; };
		F1F634A11C0F019D00A7E67C /* Info.plist */ = {isa = PBXFileReference; lastKnownFileType = text.plist.xml; path = Info.plist; sourceTree = "<group>"; };
		F1F634AA1C0F019D00A7E67C /* On_The_MapTests.swift */ = {isa = PBXFileReference; lastKnownFileType = sourcecode.swift; path = On_The_MapTests.swift; sourceTree = "<group>"; };
		F1F634AC1C0F019D00A7E67C /* Info.plist */ = {isa = PBXFileReference; lastKnownFileType = text.plist.xml; path = Info.plist; sourceTree = "<group>"; };
		F1F634B51C0F019D00A7E67C /* On_The_MapUITests.swift */ = {isa = PBXFileReference; lastKnownFileType = sourcecode.swift; path = On_The_MapUITests.swift; sourceTree = "<group>"; };
		F1F634B71C0F019D00A7E67C /* Info.plist */ = {isa = PBXFileReference; lastKnownFileType = text.plist.xml; path = Info.plist; sourceTree = "<group>"; };
		F1F634C31C0F0CD100A7E67C /* Roboto-Medium.ttf */ = {isa = PBXFileReference; lastKnownFileType = file; path = "Roboto-Medium.ttf"; sourceTree = "<group>"; };
		F1F634C41C0F0CD200A7E67C /* Roboto-Regular.ttf */ = {isa = PBXFileReference; lastKnownFileType = file; path = "Roboto-Regular.ttf"; sourceTree = "<group>"; };
		F1F634C51C0F0CD200A7E67C /* Roboto-Thin.ttf */ = {isa = PBXFileReference; lastKnownFileType = file; path = "Roboto-Thin.ttf"; sourceTree = "<group>"; };
		F1F634DD1C11788400A7E67C /* UdacityClient.swift */ = {isa = PBXFileReference; fileEncoding = 4; lastKnownFileType = sourcecode.swift; path = UdacityClient.swift; sourceTree = "<group>"; };
		F1F634DF1C1179DC00A7E67C /* UdacityConstantsExtension.swift */ = {isa = PBXFileReference; fileEncoding = 4; lastKnownFileType = sourcecode.swift; path = UdacityConstantsExtension.swift; sourceTree = "<group>"; };
		F1F634E11C11894900A7E67C /* GenericClient.swift */ = {isa = PBXFileReference; fileEncoding = 4; lastKnownFileType = sourcecode.swift; path = GenericClient.swift; sourceTree = "<group>"; };
		F1F634E31C118C0C00A7E67C /* UdacityConvenienceExtension.swift */ = {isa = PBXFileReference; fileEncoding = 4; lastKnownFileType = sourcecode.swift; path = UdacityConvenienceExtension.swift; sourceTree = "<group>"; };
		F1F634E61C11A5D300A7E67C /* LoginTextField.swift */ = {isa = PBXFileReference; fileEncoding = 4; lastKnownFileType = sourcecode.swift; path = LoginTextField.swift; sourceTree = "<group>"; };
/* End PBXFileReference section */

/* Begin PBXFrameworksBuildPhase section */
		F1F6348F1C0F019D00A7E67C /* Frameworks */ = {
			isa = PBXFrameworksBuildPhase;
			buildActionMask = 2147483647;
			files = (
				F123804E1C2292E900CF9D63 /* FBSDKLoginKit.framework in Frameworks */,
				F123804C1C2292E900CF9D63 /* FBSDKCoreKit.framework in Frameworks */,
			);
			runOnlyForDeploymentPostprocessing = 0;
		};
		F1F634A31C0F019D00A7E67C /* Frameworks */ = {
			isa = PBXFrameworksBuildPhase;
			buildActionMask = 2147483647;
			files = (
			);
			runOnlyForDeploymentPostprocessing = 0;
		};
		F1F634AE1C0F019D00A7E67C /* Frameworks */ = {
			isa = PBXFrameworksBuildPhase;
			buildActionMask = 2147483647;
			files = (
			);
			runOnlyForDeploymentPostprocessing = 0;
		};
/* End PBXFrameworksBuildPhase section */

/* Begin PBXGroup section */
		F1F634891C0F019D00A7E67C = {
			isa = PBXGroup;
			children = (
				F1F634941C0F019D00A7E67C /* On The Map */,
				F1F634A91C0F019D00A7E67C /* On The MapTests */,
				F1F634B41C0F019D00A7E67C /* On The MapUITests */,
				F123804D1C2292E900CF9D63 /* On The Map.app */,
			);
			sourceTree = "<group>";
		};
		F1F634941C0F019D00A7E67C /* On The Map */ = {
			isa = PBXGroup;
			children = (
				F1F634951C0F019D00A7E67C /* AppDelegate.swift */,
				F1F634991C0F019D00A7E67C /* Main.storyboard */,
				F1F634C81C10533400A7E67C /* Model */,
				F1F634C71C1052B300A7E67C /* Controllers */,
				F1F634E51C11A5AE00A7E67C /* View */,
				F1F634C61C0F0CDF00A7E67C /* Resources */,
				F1F6349C1C0F019D00A7E67C /* Assets.xcassets */,
				F1F634A11C0F019D00A7E67C /* Info.plist */,
				F1F6349E1C0F019D00A7E67C /* LaunchScreen.storyboard */,
				F1F634CB1C10616000A7E67C /* Frameworks */,
			);
			path = "On The Map";
			sourceTree = "<group>";
		};
		F1F634A91C0F019D00A7E67C /* On The MapTests */ = {
			isa = PBXGroup;
			children = (
				F1F634AA1C0F019D00A7E67C /* On_The_MapTests.swift */,
				F1F634AC1C0F019D00A7E67C /* Info.plist */,
			);
			path = "On The MapTests";
			sourceTree = "<group>";
		};
		F1F634B41C0F019D00A7E67C /* On The MapUITests */ = {
			isa = PBXGroup;
			children = (
				F1F634B51C0F019D00A7E67C /* On_The_MapUITests.swift */,
				F1F634B71C0F019D00A7E67C /* Info.plist */,
			);
			path = "On The MapUITests";
			sourceTree = "<group>";
		};
		F1F634C61C0F0CDF00A7E67C /* Resources */ = {
			isa = PBXGroup;
			children = (
				F1F634C31C0F0CD100A7E67C /* Roboto-Medium.ttf */,
				F1F634C41C0F0CD200A7E67C /* Roboto-Regular.ttf */,
				F1F634C51C0F0CD200A7E67C /* Roboto-Thin.ttf */,
			);
			name = Resources;
			sourceTree = "<group>";
		};
		F1F634C71C1052B300A7E67C /* Controllers */ = {
			isa = PBXGroup;
			children = (
				F1F634971C0F019D00A7E67C /* LoginViewController.swift */,
				F10540C31C12CCA600F842F3 /* LoginViewExtension.swift */,
				F103B9741C12E6F300D2B842 /* TableViewController.swift */,
				F103B9761C12F0FF00D2B842 /* MapViewController.swift */,
				F1A6F6811C15822B005D7DD7 /* CheckInViewController.swift */,
				F103B97C1C13513100D2B842 /* CustomViewController.swift */,
			);
			name = Controllers;
			sourceTree = "<group>";
		};
		F1F634C81C10533400A7E67C /* Model */ = {
			isa = PBXGroup;
			children = (
				F12380501C23016F00CF9D63 /* AppData.swift */,
				F10540CB1C12DC0500F842F3 /* StudentInformation.swift */,
				F1F634D91C10934200A7E67C /* Clients */,
			);
			name = Model;
			sourceTree = "<group>";
		};
		F1F634CB1C10616000A7E67C /* Frameworks */ = {
			isa = PBXGroup;
			children = (
				F123804F1C2293C000CF9D63 /* Bridging-Header.h */,
				F123804A1C2292E900CF9D63 /* FBSDKCoreKit.framework */,
				F123804B1C2292E900CF9D63 /* FBSDKLoginKit.framework */,
			);
			name = Frameworks;
			sourceTree = "<group>";
		};
		F1F634D91C10934200A7E67C /* Clients */ = {
			isa = PBXGroup;
			children = (
				F1F634E11C11894900A7E67C /* GenericClient.swift */,
				F1F634DA1C10934800A7E67C /* FacebookHelper */,
				F1F634DB1C10935400A7E67C /* ParseClient */,
				F1F634DC1C10936000A7E67C /* UdacityClient */,
			);
			name = Clients;
			sourceTree = "<group>";
		};
		F1F634DA1C10934800A7E67C /* FacebookHelper */ = {
			isa = PBXGroup;
			children = (
				F1A6F67F1C13E2E6005D7DD7 /* FacebookHelper.swift */,
			);
			name = FacebookHelper;
			sourceTree = "<group>";
		};
		F1F634DB1C10935400A7E67C /* ParseClient */ = {
			isa = PBXGroup;
			children = (
				F10540C51C12D33700F842F3 /* ParceClient.swift */,
				F10540C91C12DB4C00F842F3 /* ParseConvenienceExtension.swift */,
				F10540C71C12D35600F842F3 /* ParseConstantsExtension.swift */,
			);
			name = ParseClient;
			sourceTree = "<group>";
		};
		F1F634DC1C10936000A7E67C /* UdacityClient */ = {
			isa = PBXGroup;
			children = (
				F1F634DD1C11788400A7E67C /* UdacityClient.swift */,
				F1F634E31C118C0C00A7E67C /* UdacityConvenienceExtension.swift */,
				F1F634DF1C1179DC00A7E67C /* UdacityConstantsExtension.swift */,
			);
			name = UdacityClient;
			sourceTree = "<group>";
		};
		F1F634E51C11A5AE00A7E67C /* View */ = {
			isa = PBXGroup;
			children = (
				F1F634E61C11A5D300A7E67C /* LoginTextField.swift */,
				F1BBE64B1C1C16AD00AF8C85 /* InformationPostingTextField.swift */,
				F1BBE6471C1C0B9100AF8C85 /* InformationPostingButton.swift */,
				F1BBE6491C1C144500AF8C85 /* InformationPostingStage.swift */,
			);
			name = View;
			sourceTree = "<group>";
		};
/* End PBXGroup section */

/* Begin PBXNativeTarget section */
		F1F634911C0F019D00A7E67C /* On The Map */ = {
			isa = PBXNativeTarget;
			buildConfigurationList = F1F634BA1C0F019D00A7E67C /* Build configuration list for PBXNativeTarget "On The Map" */;
			buildPhases = (
				F1F6348E1C0F019D00A7E67C /* Sources */,
				F1F6348F1C0F019D00A7E67C /* Frameworks */,
				F1F634901C0F019D00A7E67C /* Resources */,
			);
			buildRules = (
			);
			dependencies = (
			);
			name = "On The Map";
			productName = "On The Map";
			productReference = F123804D1C2292E900CF9D63 /* On The Map.app */;
			productType = "com.apple.product-type.application";
		};
		F1F634A51C0F019D00A7E67C /* On The MapTests */ = {
			isa = PBXNativeTarget;
			buildConfigurationList = F1F634BD1C0F019D00A7E67C /* Build configuration list for PBXNativeTarget "On The MapTests" */;
			buildPhases = (
				F1F634A21C0F019D00A7E67C /* Sources */,
				F1F634A31C0F019D00A7E67C /* Frameworks */,
				F1F634A41C0F019D00A7E67C /* Resources */,
			);
			buildRules = (
			);
			dependencies = (
				F1F634A81C0F019D00A7E67C /* PBXTargetDependency */,
			);
			name = "On The MapTests";
			productName = "On The MapTests";
			productReference = F12380481C2292C300CF9D63 /* On The MapTests.xctest */;
			productType = "com.apple.product-type.bundle.unit-test";
		};
		F1F634B01C0F019D00A7E67C /* On The MapUITests */ = {
			isa = PBXNativeTarget;
			buildConfigurationList = F1F634C01C0F019D00A7E67C /* Build configuration list for PBXNativeTarget "On The MapUITests" */;
			buildPhases = (
				F1F634AD1C0F019D00A7E67C /* Sources */,
				F1F634AE1C0F019D00A7E67C /* Frameworks */,
				F1F634AF1C0F019D00A7E67C /* Resources */,
			);
			buildRules = (
			);
			dependencies = (
				F1F634B31C0F019D00A7E67C /* PBXTargetDependency */,
			);
			name = "On The MapUITests";
			productName = "On The MapUITests";
			productReference = F12380491C2292C300CF9D63 /* On The MapUITests.xctest */;
			productType = "com.apple.product-type.bundle.ui-testing";
		};
/* End PBXNativeTarget section */

/* Begin PBXProject section */
		F1F6348A1C0F019D00A7E67C /* Project object */ = {
			isa = PBXProject;
			attributes = {
				LastSwiftUpdateCheck = 0710;
				LastUpgradeCheck = 0710;
				ORGANIZATIONNAME = "Agito Cloud";
				TargetAttributes = {
					F1F634911C0F019D00A7E67C = {
						CreatedOnToolsVersion = 7.1.1;
					};
					F1F634A51C0F019D00A7E67C = {
						CreatedOnToolsVersion = 7.1.1;
						TestTargetID = F1F634911C0F019D00A7E67C;
					};
					F1F634B01C0F019D00A7E67C = {
						CreatedOnToolsVersion = 7.1.1;
						TestTargetID = F1F634911C0F019D00A7E67C;
					};
				};
			};
			buildConfigurationList = F1F6348D1C0F019D00A7E67C /* Build configuration list for PBXProject "On The Map" */;
			compatibilityVersion = "Xcode 3.2";
			developmentRegion = English;
			hasScannedForEncodings = 0;
			knownRegions = (
				en,
				Base,
			);
			mainGroup = F1F634891C0F019D00A7E67C;
			productRefGroup = F1F634891C0F019D00A7E67C;
			projectDirPath = "";
			projectRoot = "";
			targets = (
				F1F634911C0F019D00A7E67C /* On The Map */,
				F1F634A51C0F019D00A7E67C /* On The MapTests */,
				F1F634B01C0F019D00A7E67C /* On The MapUITests */,
			);
		};
/* End PBXProject section */

/* Begin PBXResourcesBuildPhase section */
		F1F634901C0F019D00A7E67C /* Resources */ = {
			isa = PBXResourcesBuildPhase;
			buildActionMask = 2147483647;
			files = (
				F19C0C301C19A7D8001B79AA /* Roboto-Medium.ttf in Resources */,
				F19C0C311C19A7D8001B79AA /* Roboto-Regular.ttf in Resources */,
				F19C0C321C19A7D8001B79AA /* Roboto-Thin.ttf in Resources */,
				F1F634A01C0F019D00A7E67C /* LaunchScreen.storyboard in Resources */,
				F1F6349D1C0F019D00A7E67C /* Assets.xcassets in Resources */,
				F1F6349B1C0F019D00A7E67C /* Main.storyboard in Resources */,
			);
			runOnlyForDeploymentPostprocessing = 0;
		};
		F1F634A41C0F019D00A7E67C /* Resources */ = {
			isa = PBXResourcesBuildPhase;
			buildActionMask = 2147483647;
			files = (
			);
			runOnlyForDeploymentPostprocessing = 0;
		};
		F1F634AF1C0F019D00A7E67C /* Resources */ = {
			isa = PBXResourcesBuildPhase;
			buildActionMask = 2147483647;
			files = (
			);
			runOnlyForDeploymentPostprocessing = 0;
		};
/* End PBXResourcesBuildPhase section */

/* Begin PBXSourcesBuildPhase section */
		F1F6348E1C0F019D00A7E67C /* Sources */ = {
			isa = PBXSourcesBuildPhase;
			buildActionMask = 2147483647;
			files = (
				F10540CC1C12DC0500F842F3 /* StudentInformation.swift in Sources */,
				F1F634E71C11A5D300A7E67C /* LoginTextField.swift in Sources */,
				F103B9751C12E6F300D2B842 /* TableViewController.swift in Sources */,
				F1F634E21C11894900A7E67C /* GenericClient.swift in Sources */,
				F1F634981C0F019D00A7E67C /* LoginViewController.swift in Sources */,
				F1F634961C0F019D00A7E67C /* AppDelegate.swift in Sources */,
				F10540C61C12D33700F842F3 /* ParceClient.swift in Sources */,
				F10540C41C12CCA600F842F3 /* LoginViewExtension.swift in Sources */,
				F1F634DE1C11788400A7E67C /* UdacityClient.swift in Sources */,
				F1BBE64A1C1C144500AF8C85 /* InformationPostingStage.swift in Sources */,
				F1A6F6821C15822B005D7DD7 /* CheckInViewController.swift in Sources */,
				F1A6F6801C13E2E6005D7DD7 /* FacebookHelper.swift in Sources */,
				F1BBE6481C1C0B9100AF8C85 /* InformationPostingButton.swift in Sources */,
				F1BBE64C1C1C16AD00AF8C85 /* InformationPostingTextField.swift in Sources */,
				F10540CA1C12DB4C00F842F3 /* ParseConvenienceExtension.swift in Sources */,
				F103B97D1C13513100D2B842 /* CustomViewController.swift in Sources */,
				F1F634E01C1179DC00A7E67C /* UdacityConstantsExtension.swift in Sources */,
				F1F634E41C118C0C00A7E67C /* UdacityConvenienceExtension.swift in Sources */,
				F10540C81C12D35600F842F3 /* ParseConstantsExtension.swift in Sources */,
				F103B9771C12F0FF00D2B842 /* MapViewController.swift in Sources */,
				F12380511C23016F00CF9D63 /* AppData.swift in Sources */,
			);
			runOnlyForDeploymentPostprocessing = 0;
		};
		F1F634A21C0F019D00A7E67C /* Sources */ = {
			isa = PBXSourcesBuildPhase;
			buildActionMask = 2147483647;
			files = (
				F1F634AB1C0F019D00A7E67C /* On_The_MapTests.swift in Sources */,
			);
			runOnlyForDeploymentPostprocessing = 0;
		};
		F1F634AD1C0F019D00A7E67C /* Sources */ = {
			isa = PBXSourcesBuildPhase;
			buildActionMask = 2147483647;
			files = (
				F1F634B61C0F019D00A7E67C /* On_The_MapUITests.swift in Sources */,
			);
			runOnlyForDeploymentPostprocessing = 0;
		};
/* End PBXSourcesBuildPhase section */

/* Begin PBXTargetDependency section */
		F1F634A81C0F019D00A7E67C /* PBXTargetDependency */ = {
			isa = PBXTargetDependency;
			target = F1F634911C0F019D00A7E67C /* On The Map */;
			targetProxy = F1F634A71C0F019D00A7E67C /* PBXContainerItemProxy */;
		};
		F1F634B31C0F019D00A7E67C /* PBXTargetDependency */ = {
			isa = PBXTargetDependency;
			target = F1F634911C0F019D00A7E67C /* On The Map */;
			targetProxy = F1F634B21C0F019D00A7E67C /* PBXContainerItemProxy */;
		};
/* End PBXTargetDependency section */

/* Begin PBXVariantGroup section */
		F1F634991C0F019D00A7E67C /* Main.storyboard */ = {
			isa = PBXVariantGroup;
			children = (
				F1F6349A1C0F019D00A7E67C /* Base */,
			);
			name = Main.storyboard;
			sourceTree = "<group>";
		};
		F1F6349E1C0F019D00A7E67C /* LaunchScreen.storyboard */ = {
			isa = PBXVariantGroup;
			children = (
				F1F6349F1C0F019D00A7E67C /* Base */,
			);
			name = LaunchScreen.storyboard;
			sourceTree = "<group>";
		};
/* End PBXVariantGroup section */

/* Begin XCBuildConfiguration section */
		F1F634B81C0F019D00A7E67C /* Debug */ = {
			isa = XCBuildConfiguration;
			buildSettings = {
				ALWAYS_SEARCH_USER_PATHS = NO;
				CLANG_CXX_LANGUAGE_STANDARD = "gnu++0x";
				CLANG_CXX_LIBRARY = "libc++";
				CLANG_ENABLE_MODULES = YES;
				CLANG_ENABLE_OBJC_ARC = YES;
				CLANG_WARN_BOOL_CONVERSION = YES;
				CLANG_WARN_CONSTANT_CONVERSION = YES;
				CLANG_WARN_DIRECT_OBJC_ISA_USAGE = YES_ERROR;
				CLANG_WARN_EMPTY_BODY = YES;
				CLANG_WARN_ENUM_CONVERSION = YES;
				CLANG_WARN_INT_CONVERSION = YES;
				CLANG_WARN_OBJC_ROOT_CLASS = YES_ERROR;
				CLANG_WARN_UNREACHABLE_CODE = YES;
				CLANG_WARN__DUPLICATE_METHOD_MATCH = YES;
				"CODE_SIGN_IDENTITY[sdk=iphoneos*]" = "iPhone Developer";
				COPY_PHASE_STRIP = NO;
				DEBUG_INFORMATION_FORMAT = dwarf;
				ENABLE_STRICT_OBJC_MSGSEND = YES;
				ENABLE_TESTABILITY = YES;
				FRAMEWORK_SEARCH_PATHS = (
					On,
					The,
					"Map/FBSDKCoreKit.framework/**",
					On,
					The,
					"Map/FBSDKLoginKit.framework/**",
				);
				GCC_C_LANGUAGE_STANDARD = gnu99;
				GCC_DYNAMIC_NO_PIC = NO;
				GCC_NO_COMMON_BLOCKS = YES;
				GCC_OPTIMIZATION_LEVEL = 0;
				GCC_PREPROCESSOR_DEFINITIONS = (
					"DEBUG=1",
					"$(inherited)",
				);
				GCC_WARN_64_TO_32_BIT_CONVERSION = YES;
				GCC_WARN_ABOUT_RETURN_TYPE = YES_ERROR;
				GCC_WARN_UNDECLARED_SELECTOR = YES;
				GCC_WARN_UNINITIALIZED_AUTOS = YES_AGGRESSIVE;
				GCC_WARN_UNUSED_FUNCTION = YES;
				GCC_WARN_UNUSED_VARIABLE = YES;
				IPHONEOS_DEPLOYMENT_TARGET = 9.1;
				MTL_ENABLE_DEBUG_INFO = YES;
				ONLY_ACTIVE_ARCH = YES;
				SDKROOT = iphoneos;
				SWIFT_OBJC_BRIDGING_HEADER = "On The Map/Bridging-Header.h";
				SWIFT_OPTIMIZATION_LEVEL = "-Onone";
			};
			name = Debug;
		};
		F1F634B91C0F019D00A7E67C /* Release */ = {
			isa = XCBuildConfiguration;
			buildSettings = {
				ALWAYS_SEARCH_USER_PATHS = NO;
				CLANG_CXX_LANGUAGE_STANDARD = "gnu++0x";
				CLANG_CXX_LIBRARY = "libc++";
				CLANG_ENABLE_MODULES = YES;
				CLANG_ENABLE_OBJC_ARC = YES;
				CLANG_WARN_BOOL_CONVERSION = YES;
				CLANG_WARN_CONSTANT_CONVERSION = YES;
				CLANG_WARN_DIRECT_OBJC_ISA_USAGE = YES_ERROR;
				CLANG_WARN_EMPTY_BODY = YES;
				CLANG_WARN_ENUM_CONVERSION = YES;
				CLANG_WARN_INT_CONVERSION = YES;
				CLANG_WARN_OBJC_ROOT_CLASS = YES_ERROR;
				CLANG_WARN_UNREACHABLE_CODE = YES;
				CLANG_WARN__DUPLICATE_METHOD_MATCH = YES;
				"CODE_SIGN_IDENTITY[sdk=iphoneos*]" = "iPhone Developer";
				COPY_PHASE_STRIP = NO;
				DEBUG_INFORMATION_FORMAT = "dwarf-with-dsym";
				ENABLE_NS_ASSERTIONS = NO;
				ENABLE_STRICT_OBJC_MSGSEND = YES;
				FRAMEWORK_SEARCH_PATHS = (
					On,
					The,
					"Map/FBSDKCoreKit.framework/**",
					On,
					The,
					"Map/FBSDKLoginKit.framework/**",
				);
				GCC_C_LANGUAGE_STANDARD = gnu99;
				GCC_NO_COMMON_BLOCKS = YES;
				GCC_WARN_64_TO_32_BIT_CONVERSION = YES;
				GCC_WARN_ABOUT_RETURN_TYPE = YES_ERROR;
				GCC_WARN_UNDECLARED_SELECTOR = YES;
				GCC_WARN_UNINITIALIZED_AUTOS = YES_AGGRESSIVE;
				GCC_WARN_UNUSED_FUNCTION = YES;
				GCC_WARN_UNUSED_VARIABLE = YES;
				IPHONEOS_DEPLOYMENT_TARGET = 9.1;
				MTL_ENABLE_DEBUG_INFO = NO;
				SDKROOT = iphoneos;
				SWIFT_OBJC_BRIDGING_HEADER = "On The Map/Bridging-Header.h";
				VALIDATE_PRODUCT = YES;
			};
			name = Release;
		};
		F1F634BB1C0F019D00A7E67C /* Debug */ = {
			isa = XCBuildConfiguration;
			buildSettings = {
				ASSETCATALOG_COMPILER_APPICON_NAME = AppIcon;
				FRAMEWORK_SEARCH_PATHS = (
					"$(SRCROOT)/**",
					"$(PROJECT_DIR)/FacebookSDK",
				);
				"FRAMEWORK_SEARCH_PATHS[arch=*]" = "FacebookSDK/**";
				INFOPLIST_FILE = "On The Map/Info.plist";
				LD_RUNPATH_SEARCH_PATHS = "$(inherited) @executable_path/Frameworks";
				PRODUCT_BUNDLE_IDENTIFIER = "cc.agito.On-The-Map";
				PRODUCT_NAME = "$(TARGET_NAME)";
				SWIFT_OBJC_BRIDGING_HEADER = "On The Map/Bridging-Header.h";
			};
			name = Debug;
		};
		F1F634BC1C0F019D00A7E67C /* Release */ = {
			isa = XCBuildConfiguration;
			buildSettings = {
				ASSETCATALOG_COMPILER_APPICON_NAME = AppIcon;
				FRAMEWORK_SEARCH_PATHS = (
					"$(SRCROOT)/**",
					"$(PROJECT_DIR)/FacebookSDK",
				);
				"FRAMEWORK_SEARCH_PATHS[arch=*]" = "FacebookSDK/**";
				INFOPLIST_FILE = "On The Map/Info.plist";
				LD_RUNPATH_SEARCH_PATHS = "$(inherited) @executable_path/Frameworks";
				PRODUCT_BUNDLE_IDENTIFIER = "cc.agito.On-The-Map";
				PRODUCT_NAME = "$(TARGET_NAME)";
				SWIFT_OBJC_BRIDGING_HEADER = "On The Map/Bridging-Header.h";
			};
			name = Release;
		};
		F1F634BE1C0F019D00A7E67C /* Debug */ = {
			isa = XCBuildConfiguration;
			buildSettings = {
				BUNDLE_LOADER = "$(TEST_HOST)";
				INFOPLIST_FILE = "On The MapTests/Info.plist";
				LD_RUNPATH_SEARCH_PATHS = "$(inherited) @executable_path/Frameworks @loader_path/Frameworks";
				PRODUCT_BUNDLE_IDENTIFIER = "cc.agito.On-The-MapTests";
				PRODUCT_NAME = "$(TARGET_NAME)";
				TEST_HOST = "$(BUILT_PRODUCTS_DIR)/On The Map.app/On The Map";
			};
			name = Debug;
		};
		F1F634BF1C0F019D00A7E67C /* Release */ = {
			isa = XCBuildConfiguration;
			buildSettings = {
				BUNDLE_LOADER = "$(TEST_HOST)";
				INFOPLIST_FILE = "On The MapTests/Info.plist";
				LD_RUNPATH_SEARCH_PATHS = "$(inherited) @executable_path/Frameworks @loader_path/Frameworks";
				PRODUCT_BUNDLE_IDENTIFIER = "cc.agito.On-The-MapTests";
				PRODUCT_NAME = "$(TARGET_NAME)";
				TEST_HOST = "$(BUILT_PRODUCTS_DIR)/On The Map.app/On The Map";
			};
			name = Release;
		};
		F1F634C11C0F019D00A7E67C /* Debug */ = {
			isa = XCBuildConfiguration;
			buildSettings = {
				INFOPLIST_FILE = "On The MapUITests/Info.plist";
				LD_RUNPATH_SEARCH_PATHS = "$(inherited) @executable_path/Frameworks @loader_path/Frameworks";
				PRODUCT_BUNDLE_IDENTIFIER = "cc.agito.On-The-MapUITests";
				PRODUCT_NAME = "$(TARGET_NAME)";
				TEST_TARGET_NAME = "On The Map";
				USES_XCTRUNNER = YES;
			};
			name = Debug;
		};
		F1F634C21C0F019D00A7E67C /* Release */ = {
			isa = XCBuildConfiguration;
			buildSettings = {
				INFOPLIST_FILE = "On The MapUITests/Info.plist";
				LD_RUNPATH_SEARCH_PATHS = "$(inherited) @executable_path/Frameworks @loader_path/Frameworks";
				PRODUCT_BUNDLE_IDENTIFIER = "cc.agito.On-The-MapUITests";
				PRODUCT_NAME = "$(TARGET_NAME)";
				TEST_TARGET_NAME = "On The Map";
				USES_XCTRUNNER = YES;
			};
			name = Release;
		};
/* End XCBuildConfiguration section */

/* Begin XCConfigurationList section */
		F1F6348D1C0F019D00A7E67C /* Build configuration list for PBXProject "On The Map" */ = {
			isa = XCConfigurationList;
			buildConfigurations = (
				F1F634B81C0F019D00A7E67C /* Debug */,
				F1F634B91C0F019D00A7E67C /* Release */,
			);
			defaultConfigurationIsVisible = 0;
			defaultConfigurationName = Release;
		};
		F1F634BA1C0F019D00A7E67C /* Build configuration list for PBXNativeTarget "On The Map" */ = {
			isa = XCConfigurationList;
			buildConfigurations = (
				F1F634BB1C0F019D00A7E67C /* Debug */,
				F1F634BC1C0F019D00A7E67C /* Release */,
			);
			defaultConfigurationIsVisible = 0;
			defaultConfigurationName = Release;
		};
		F1F634BD1C0F019D00A7E67C /* Build configuration list for PBXNativeTarget "On The MapTests" */ = {
			isa = XCConfigurationList;
			buildConfigurations = (
				F1F634BE1C0F019D00A7E67C /* Debug */,
				F1F634BF1C0F019D00A7E67C /* Release */,
			);
			defaultConfigurationIsVisible = 0;
			defaultConfigurationName = Release;
		};
		F1F634C01C0F019D00A7E67C /* Build configuration list for PBXNativeTarget "On The MapUITests" */ = {
			isa = XCConfigurationList;
			buildConfigurations = (
				F1F634C11C0F019D00A7E67C /* Debug */,
				F1F634C21C0F019D00A7E67C /* Release */,
			);
			defaultConfigurationIsVisible = 0;
			defaultConfigurationName = Release;
		};
/* End XCConfigurationList section */
	};
	rootObject = F1F6348A1C0F019D00A7E67C /* Project object */;
}
